// !$*UTF8*$!
{
	archiveVersion = 1;
	classes = {
	};
	objectVersion = 50;
	objects = {

/* Begin PBXBuildFile section */
		3AB13AE1262154EB00CBD672 /* AppDelegate.swift in Sources */ = {isa = PBXBuildFile; fileRef = 3AB13AE0262154EB00CBD672 /* AppDelegate.swift */; };
		3AB13AE3262154EB00CBD672 /* ViewController.swift in Sources */ = {isa = PBXBuildFile; fileRef = 3AB13AE2262154EB00CBD672 /* ViewController.swift */; };
		3AB13AE5262154EB00CBD672 /* Experience.rcproject in Sources */ = {isa = PBXBuildFile; fileRef = 3AB13AE4262154EB00CBD672 /* Experience.rcproject */; };
		3AB13AE8262154EB00CBD672 /* Main.storyboard in Resources */ = {isa = PBXBuildFile; fileRef = 3AB13AE6262154EB00CBD672 /* Main.storyboard */; };
		3AB13AEA262154ED00CBD672 /* Assets.xcassets in Resources */ = {isa = PBXBuildFile; fileRef = 3AB13AE9262154ED00CBD672 /* Assets.xcassets */; };
		3AB13AED262154ED00CBD672 /* LaunchScreen.storyboard in Resources */ = {isa = PBXBuildFile; fileRef = 3AB13AEB262154ED00CBD672 /* LaunchScreen.storyboard */; };
		3AB13AF8262154ED00CBD672 /* DiscoveryTests.swift in Sources */ = {isa = PBXBuildFile; fileRef = 3AB13AF7262154ED00CBD672 /* DiscoveryTests.swift */; };
		3AB13B03262154ED00CBD672 /* DiscoveryUITests.swift in Sources */ = {isa = PBXBuildFile; fileRef = 3AB13B02262154ED00CBD672 /* DiscoveryUITests.swift */; };
		3AB13B342622BF7400CBD672 /* CorrectLetterSound.mp3 in Resources */ = {isa = PBXBuildFile; fileRef = 3AB13B332622BF7400CBD672 /* CorrectLetterSound.mp3 */; };
		3AB13B392622C3DE00CBD672 /* WrongLetterSound.mp3 in Resources */ = {isa = PBXBuildFile; fileRef = 3AB13B382622C3DE00CBD672 /* WrongLetterSound.mp3 */; };
/* End PBXBuildFile section */

/* Begin PBXContainerItemProxy section */
		3AB13AF4262154ED00CBD672 /* PBXContainerItemProxy */ = {
			isa = PBXContainerItemProxy;
			containerPortal = 3AB13AD5262154EB00CBD672 /* Project object */;
			proxyType = 1;
			remoteGlobalIDString = 3AB13ADC262154EB00CBD672;
			remoteInfo = Discovery;
		};
		3AB13AFF262154ED00CBD672 /* PBXContainerItemProxy */ = {
			isa = PBXContainerItemProxy;
			containerPortal = 3AB13AD5262154EB00CBD672 /* Project object */;
			proxyType = 1;
			remoteGlobalIDString = 3AB13ADC262154EB00CBD672;
			remoteInfo = Discovery;
		};
/* End PBXContainerItemProxy section */

/* Begin PBXFileReference section */
		3AB13ADD262154EB00CBD672 /* Discovery.app */ = {isa = PBXFileReference; explicitFileType = wrapper.application; includeInIndex = 0; path = Discovery.app; sourceTree = BUILT_PRODUCTS_DIR; };
		3AB13AE0262154EB00CBD672 /* AppDelegate.swift */ = {isa = PBXFileReference; lastKnownFileType = sourcecode.swift; path = AppDelegate.swift; sourceTree = "<group>"; };
		3AB13AE2262154EB00CBD672 /* ViewController.swift */ = {isa = PBXFileReference; lastKnownFileType = sourcecode.swift; path = ViewController.swift; sourceTree = "<group>"; };
		3AB13AE4262154EB00CBD672 /* Experience.rcproject */ = {isa = PBXFileReference; lastKnownFileType = file.rcproject; path = Experience.rcproject; sourceTree = "<group>"; };
		3AB13AE7262154EB00CBD672 /* Base */ = {isa = PBXFileReference; lastKnownFileType = file.storyboard; name = Base; path = Base.lproj/Main.storyboard; sourceTree = "<group>"; };
		3AB13AE9262154ED00CBD672 /* Assets.xcassets */ = {isa = PBXFileReference; lastKnownFileType = folder.assetcatalog; path = Assets.xcassets; sourceTree = "<group>"; };
		3AB13AEC262154ED00CBD672 /* Base */ = {isa = PBXFileReference; lastKnownFileType = file.storyboard; name = Base; path = Base.lproj/LaunchScreen.storyboard; sourceTree = "<group>"; };
		3AB13AEE262154ED00CBD672 /* Info.plist */ = {isa = PBXFileReference; lastKnownFileType = text.plist.xml; path = Info.plist; sourceTree = "<group>"; };
		3AB13AF3262154ED00CBD672 /* DiscoveryTests.xctest */ = {isa = PBXFileReference; explicitFileType = wrapper.cfbundle; includeInIndex = 0; path = DiscoveryTests.xctest; sourceTree = BUILT_PRODUCTS_DIR; };
		3AB13AF7262154ED00CBD672 /* DiscoveryTests.swift */ = {isa = PBXFileReference; lastKnownFileType = sourcecode.swift; path = DiscoveryTests.swift; sourceTree = "<group>"; };
		3AB13AF9262154ED00CBD672 /* Info.plist */ = {isa = PBXFileReference; lastKnownFileType = text.plist.xml; path = Info.plist; sourceTree = "<group>"; };
		3AB13AFE262154ED00CBD672 /* DiscoveryUITests.xctest */ = {isa = PBXFileReference; explicitFileType = wrapper.cfbundle; includeInIndex = 0; path = DiscoveryUITests.xctest; sourceTree = BUILT_PRODUCTS_DIR; };
		3AB13B02262154ED00CBD672 /* DiscoveryUITests.swift */ = {isa = PBXFileReference; lastKnownFileType = sourcecode.swift; path = DiscoveryUITests.swift; sourceTree = "<group>"; };
		3AB13B04262154ED00CBD672 /* Info.plist */ = {isa = PBXFileReference; lastKnownFileType = text.plist.xml; path = Info.plist; sourceTree = "<group>"; };
		3AB13B332622BF7400CBD672 /* CorrectLetterSound.mp3 */ = {isa = PBXFileReference; lastKnownFileType = audio.mp3; path = CorrectLetterSound.mp3; sourceTree = "<group>"; };
		3AB13B382622C3DE00CBD672 /* WrongLetterSound.mp3 */ = {isa = PBXFileReference; lastKnownFileType = audio.mp3; path = WrongLetterSound.mp3; sourceTree = "<group>"; };
/* End PBXFileReference section */

/* Begin PBXFrameworksBuildPhase section */
		3AB13ADA262154EB00CBD672 /* Frameworks */ = {
			isa = PBXFrameworksBuildPhase;
			buildActionMask = 2147483647;
			files = (
			);
			runOnlyForDeploymentPostprocessing = 0;
		};
		3AB13AF0262154ED00CBD672 /* Frameworks */ = {
			isa = PBXFrameworksBuildPhase;
			buildActionMask = 2147483647;
			files = (
			);
			runOnlyForDeploymentPostprocessing = 0;
		};
		3AB13AFB262154ED00CBD672 /* Frameworks */ = {
			isa = PBXFrameworksBuildPhase;
			buildActionMask = 2147483647;
			files = (
			);
			runOnlyForDeploymentPostprocessing = 0;
		};
/* End PBXFrameworksBuildPhase section */

/* Begin PBXGroup section */
		3AB13AD4262154EB00CBD672 = {
			isa = PBXGroup;
			children = (
				3AB13ADF262154EB00CBD672 /* Discovery */,
				3AB13AF6262154ED00CBD672 /* DiscoveryTests */,
				3AB13B01262154ED00CBD672 /* DiscoveryUITests */,
				3AB13ADE262154EB00CBD672 /* Products */,
			);
			sourceTree = "<group>";
		};
		3AB13ADE262154EB00CBD672 /* Products */ = {
			isa = PBXGroup;
			children = (
				3AB13ADD262154EB00CBD672 /* Discovery.app */,
				3AB13AF3262154ED00CBD672 /* DiscoveryTests.xctest */,
				3AB13AFE262154ED00CBD672 /* DiscoveryUITests.xctest */,
			);
			name = Products;
			sourceTree = "<group>";
		};
		3AB13ADF262154EB00CBD672 /* Discovery */ = {
			isa = PBXGroup;
			children = (
				3AB13AE0262154EB00CBD672 /* AppDelegate.swift */,
				3AB13AE2262154EB00CBD672 /* ViewController.swift */,
				3AB13B382622C3DE00CBD672 /* WrongLetterSound.mp3 */,
				3AB13B332622BF7400CBD672 /* CorrectLetterSound.mp3 */,
				3AB13AE4262154EB00CBD672 /* Experience.rcproject */,
				3AB13AE6262154EB00CBD672 /* Main.storyboard */,
				3AB13AE9262154ED00CBD672 /* Assets.xcassets */,
				3AB13AEB262154ED00CBD672 /* LaunchScreen.storyboard */,
				3AB13AEE262154ED00CBD672 /* Info.plist */,
			);
			path = Discovery;
			sourceTree = "<group>";
		};
		3AB13AF6262154ED00CBD672 /* DiscoveryTests */ = {
			isa = PBXGroup;
			children = (
				3AB13AF7262154ED00CBD672 /* DiscoveryTests.swift */,
				3AB13AF9262154ED00CBD672 /* Info.plist */,
			);
			path = DiscoveryTests;
			sourceTree = "<group>";
		};
		3AB13B01262154ED00CBD672 /* DiscoveryUITests */ = {
			isa = PBXGroup;
			children = (
				3AB13B02262154ED00CBD672 /* DiscoveryUITests.swift */,
				3AB13B04262154ED00CBD672 /* Info.plist */,
			);
			path = DiscoveryUITests;
			sourceTree = "<group>";
		};
/* End PBXGroup section */

/* Begin PBXNativeTarget section */
		3AB13ADC262154EB00CBD672 /* Discovery */ = {
			isa = PBXNativeTarget;
			buildConfigurationList = 3AB13B07262154ED00CBD672 /* Build configuration list for PBXNativeTarget "Discovery" */;
			buildPhases = (
				3AB13AD9262154EB00CBD672 /* Sources */,
				3AB13ADA262154EB00CBD672 /* Frameworks */,
				3AB13ADB262154EB00CBD672 /* Resources */,
			);
			buildRules = (
			);
			dependencies = (
			);
			name = Discovery;
			productName = Discovery;
			productReference = 3AB13ADD262154EB00CBD672 /* Discovery.app */;
			productType = "com.apple.product-type.application";
		};
		3AB13AF2262154ED00CBD672 /* DiscoveryTests */ = {
			isa = PBXNativeTarget;
			buildConfigurationList = 3AB13B0A262154ED00CBD672 /* Build configuration list for PBXNativeTarget "DiscoveryTests" */;
			buildPhases = (
				3AB13AEF262154ED00CBD672 /* Sources */,
				3AB13AF0262154ED00CBD672 /* Frameworks */,
				3AB13AF1262154ED00CBD672 /* Resources */,
			);
			buildRules = (
			);
			dependencies = (
				3AB13AF5262154ED00CBD672 /* PBXTargetDependency */,
			);
			name = DiscoveryTests;
			productName = DiscoveryTests;
			productReference = 3AB13AF3262154ED00CBD672 /* DiscoveryTests.xctest */;
			productType = "com.apple.product-type.bundle.unit-test";
		};
		3AB13AFD262154ED00CBD672 /* DiscoveryUITests */ = {
			isa = PBXNativeTarget;
			buildConfigurationList = 3AB13B0D262154ED00CBD672 /* Build configuration list for PBXNativeTarget "DiscoveryUITests" */;
			buildPhases = (
				3AB13AFA262154ED00CBD672 /* Sources */,
				3AB13AFB262154ED00CBD672 /* Frameworks */,
				3AB13AFC262154ED00CBD672 /* Resources */,
			);
			buildRules = (
			);
			dependencies = (
				3AB13B00262154ED00CBD672 /* PBXTargetDependency */,
			);
			name = DiscoveryUITests;
			productName = DiscoveryUITests;
			productReference = 3AB13AFE262154ED00CBD672 /* DiscoveryUITests.xctest */;
			productType = "com.apple.product-type.bundle.ui-testing";
		};
/* End PBXNativeTarget section */

/* Begin PBXProject section */
		3AB13AD5262154EB00CBD672 /* Project object */ = {
			isa = PBXProject;
			attributes = {
				LastSwiftUpdateCheck = 1240;
				LastUpgradeCheck = 1240;
				TargetAttributes = {
					3AB13ADC262154EB00CBD672 = {
						CreatedOnToolsVersion = 12.4;
					};
					3AB13AF2262154ED00CBD672 = {
						CreatedOnToolsVersion = 12.4;
						TestTargetID = 3AB13ADC262154EB00CBD672;
					};
					3AB13AFD262154ED00CBD672 = {
						CreatedOnToolsVersion = 12.4;
						TestTargetID = 3AB13ADC262154EB00CBD672;
					};
				};
			};
			buildConfigurationList = 3AB13AD8262154EB00CBD672 /* Build configuration list for PBXProject "Discovery" */;
			compatibilityVersion = "Xcode 9.3";
			developmentRegion = en;
			hasScannedForEncodings = 0;
			knownRegions = (
				en,
				Base,
			);
			mainGroup = 3AB13AD4262154EB00CBD672;
			productRefGroup = 3AB13ADE262154EB00CBD672 /* Products */;
			projectDirPath = "";
			projectRoot = "";
			targets = (
				3AB13ADC262154EB00CBD672 /* Discovery */,
				3AB13AF2262154ED00CBD672 /* DiscoveryTests */,
				3AB13AFD262154ED00CBD672 /* DiscoveryUITests */,
			);
		};
/* End PBXProject section */

/* Begin PBXResourcesBuildPhase section */
		3AB13ADB262154EB00CBD672 /* Resources */ = {
			isa = PBXResourcesBuildPhase;
			buildActionMask = 2147483647;
			files = (
				3AB13B392622C3DE00CBD672 /* WrongLetterSound.mp3 in Resources */,
				3AB13AED262154ED00CBD672 /* LaunchScreen.storyboard in Resources */,
				3AB13AEA262154ED00CBD672 /* Assets.xcassets in Resources */,
				3AB13AE8262154EB00CBD672 /* Main.storyboard in Resources */,
				3AB13B342622BF7400CBD672 /* CorrectLetterSound.mp3 in Resources */,
			);
			runOnlyForDeploymentPostprocessing = 0;
		};
		3AB13AF1262154ED00CBD672 /* Resources */ = {
			isa = PBXResourcesBuildPhase;
			buildActionMask = 2147483647;
			files = (
			);
			runOnlyForDeploymentPostprocessing = 0;
		};
		3AB13AFC262154ED00CBD672 /* Resources */ = {
			isa = PBXResourcesBuildPhase;
			buildActionMask = 2147483647;
			files = (
			);
			runOnlyForDeploymentPostprocessing = 0;
		};
/* End PBXResourcesBuildPhase section */

/* Begin PBXSourcesBuildPhase section */
		3AB13AD9262154EB00CBD672 /* Sources */ = {
			isa = PBXSourcesBuildPhase;
			buildActionMask = 2147483647;
			files = (
				3AB13AE3262154EB00CBD672 /* ViewController.swift in Sources */,
				3AB13AE1262154EB00CBD672 /* AppDelegate.swift in Sources */,
				3AB13AE5262154EB00CBD672 /* Experience.rcproject in Sources */,
			);
			runOnlyForDeploymentPostprocessing = 0;
		};
		3AB13AEF262154ED00CBD672 /* Sources */ = {
			isa = PBXSourcesBuildPhase;
			buildActionMask = 2147483647;
			files = (
				3AB13AF8262154ED00CBD672 /* DiscoveryTests.swift in Sources */,
			);
			runOnlyForDeploymentPostprocessing = 0;
		};
		3AB13AFA262154ED00CBD672 /* Sources */ = {
			isa = PBXSourcesBuildPhase;
			buildActionMask = 2147483647;
			files = (
				3AB13B03262154ED00CBD672 /* DiscoveryUITests.swift in Sources */,
			);
			runOnlyForDeploymentPostprocessing = 0;
		};
/* End PBXSourcesBuildPhase section */

/* Begin PBXTargetDependency section */
		3AB13AF5262154ED00CBD672 /* PBXTargetDependency */ = {
			isa = PBXTargetDependency;
			target = 3AB13ADC262154EB00CBD672 /* Discovery */;
			targetProxy = 3AB13AF4262154ED00CBD672 /* PBXContainerItemProxy */;
		};
		3AB13B00262154ED00CBD672 /* PBXTargetDependency */ = {
			isa = PBXTargetDependency;
			target = 3AB13ADC262154EB00CBD672 /* Discovery */;
			targetProxy = 3AB13AFF262154ED00CBD672 /* PBXContainerItemProxy */;
		};
/* End PBXTargetDependency section */

/* Begin PBXVariantGroup section */
		3AB13AE6262154EB00CBD672 /* Main.storyboard */ = {
			isa = PBXVariantGroup;
			children = (
				3AB13AE7262154EB00CBD672 /* Base */,
			);
			name = Main.storyboard;
			sourceTree = "<group>";
		};
		3AB13AEB262154ED00CBD672 /* LaunchScreen.storyboard */ = {
			isa = PBXVariantGroup;
			children = (
				3AB13AEC262154ED00CBD672 /* Base */,
			);
			name = LaunchScreen.storyboard;
			sourceTree = "<group>";
		};
/* End PBXVariantGroup section */

/* Begin XCBuildConfiguration section */
		3AB13B05262154ED00CBD672 /* Debug */ = {
			isa = XCBuildConfiguration;
			buildSettings = {
				ALWAYS_SEARCH_USER_PATHS = NO;
				CLANG_ANALYZER_NONNULL = YES;
				CLANG_ANALYZER_NUMBER_OBJECT_CONVERSION = YES_AGGRESSIVE;
				CLANG_CXX_LANGUAGE_STANDARD = "gnu++14";
				CLANG_CXX_LIBRARY = "libc++";
				CLANG_ENABLE_MODULES = YES;
				CLANG_ENABLE_OBJC_ARC = YES;
				CLANG_ENABLE_OBJC_WEAK = YES;
				CLANG_WARN_BLOCK_CAPTURE_AUTORELEASING = YES;
				CLANG_WARN_BOOL_CONVERSION = YES;
				CLANG_WARN_COMMA = YES;
				CLANG_WARN_CONSTANT_CONVERSION = YES;
				CLANG_WARN_DEPRECATED_OBJC_IMPLEMENTATIONS = YES;
				CLANG_WARN_DIRECT_OBJC_ISA_USAGE = YES_ERROR;
				CLANG_WARN_DOCUMENTATION_COMMENTS = YES;
				CLANG_WARN_EMPTY_BODY = YES;
				CLANG_WARN_ENUM_CONVERSION = YES;
				CLANG_WARN_INFINITE_RECURSION = YES;
				CLANG_WARN_INT_CONVERSION = YES;
				CLANG_WARN_NON_LITERAL_NULL_CONVERSION = YES;
				CLANG_WARN_OBJC_IMPLICIT_RETAIN_SELF = YES;
				CLANG_WARN_OBJC_LITERAL_CONVERSION = YES;
				CLANG_WARN_OBJC_ROOT_CLASS = YES_ERROR;
				CLANG_WARN_QUOTED_INCLUDE_IN_FRAMEWORK_HEADER = YES;
				CLANG_WARN_RANGE_LOOP_ANALYSIS = YES;
				CLANG_WARN_STRICT_PROTOTYPES = YES;
				CLANG_WARN_SUSPICIOUS_MOVE = YES;
				CLANG_WARN_UNGUARDED_AVAILABILITY = YES_AGGRESSIVE;
				CLANG_WARN_UNREACHABLE_CODE = YES;
				CLANG_WARN__DUPLICATE_METHOD_MATCH = YES;
				COPY_PHASE_STRIP = NO;
				DEBUG_INFORMATION_FORMAT = dwarf;
				ENABLE_STRICT_OBJC_MSGSEND = YES;
				ENABLE_TESTABILITY = YES;
				GCC_C_LANGUAGE_STANDARD = gnu11;
				GCC_DYNAMIC_NO_PIC = NO;
				GCC_NO_COMMON_BLOCKS = YES;
				GCC_OPTIMIZATION_LEVEL = 0;
				GCC_PREPROCESSOR_DEFINITIONS = (
					"DEBUG=1",
					"$(inherited)",
				);
				GCC_WARN_64_TO_32_BIT_CONVERSION = YES;
				GCC_WARN_ABOUT_RETURN_TYPE = YES_ERROR;
				GCC_WARN_UNDECLARED_SELECTOR = YES;
				GCC_WARN_UNINITIALIZED_AUTOS = YES_AGGRESSIVE;
				GCC_WARN_UNUSED_FUNCTION = YES;
				GCC_WARN_UNUSED_VARIABLE = YES;
				IPHONEOS_DEPLOYMENT_TARGET = 14.4;
				MTL_ENABLE_DEBUG_INFO = INCLUDE_SOURCE;
				MTL_FAST_MATH = YES;
				ONLY_ACTIVE_ARCH = YES;
				SDKROOT = iphoneos;
				SWIFT_ACTIVE_COMPILATION_CONDITIONS = DEBUG;
				SWIFT_OPTIMIZATION_LEVEL = "-Onone";
			};
			name = Debug;
		};
		3AB13B06262154ED00CBD672 /* Release */ = {
			isa = XCBuildConfiguration;
			buildSettings = {
				ALWAYS_SEARCH_USER_PATHS = NO;
				CLANG_ANALYZER_NONNULL = YES;
				CLANG_ANALYZER_NUMBER_OBJECT_CONVERSION = YES_AGGRESSIVE;
				CLANG_CXX_LANGUAGE_STANDARD = "gnu++14";
				CLANG_CXX_LIBRARY = "libc++";
				CLANG_ENABLE_MODULES = YES;
				CLANG_ENABLE_OBJC_ARC = YES;
				CLANG_ENABLE_OBJC_WEAK = YES;
				CLANG_WARN_BLOCK_CAPTURE_AUTORELEASING = YES;
				CLANG_WARN_BOOL_CONVERSION = YES;
				CLANG_WARN_COMMA = YES;
				CLANG_WARN_CONSTANT_CONVERSION = YES;
				CLANG_WARN_DEPRECATED_OBJC_IMPLEMENTATIONS = YES;
				CLANG_WARN_DIRECT_OBJC_ISA_USAGE = YES_ERROR;
				CLANG_WARN_DOCUMENTATION_COMMENTS = YES;
				CLANG_WARN_EMPTY_BODY = YES;
				CLANG_WARN_ENUM_CONVERSION = YES;
				CLANG_WARN_INFINITE_RECURSION = YES;
				CLANG_WARN_INT_CONVERSION = YES;
				CLANG_WARN_NON_LITERAL_NULL_CONVERSION = YES;
				CLANG_WARN_OBJC_IMPLICIT_RETAIN_SELF = YES;
				CLANG_WARN_OBJC_LITERAL_CONVERSION = YES;
				CLANG_WARN_OBJC_ROOT_CLASS = YES_ERROR;
				CLANG_WARN_QUOTED_INCLUDE_IN_FRAMEWORK_HEADER = YES;
				CLANG_WARN_RANGE_LOOP_ANALYSIS = YES;
				CLANG_WARN_STRICT_PROTOTYPES = YES;
				CLANG_WARN_SUSPICIOUS_MOVE = YES;
				CLANG_WARN_UNGUARDED_AVAILABILITY = YES_AGGRESSIVE;
				CLANG_WARN_UNREACHABLE_CODE = YES;
				CLANG_WARN__DUPLICATE_METHOD_MATCH = YES;
				COPY_PHASE_STRIP = NO;
				DEBUG_INFORMATION_FORMAT = "dwarf-with-dsym";
				ENABLE_NS_ASSERTIONS = NO;
				ENABLE_STRICT_OBJC_MSGSEND = YES;
				GCC_C_LANGUAGE_STANDARD = gnu11;
				GCC_NO_COMMON_BLOCKS = YES;
				GCC_WARN_64_TO_32_BIT_CONVERSION = YES;
				GCC_WARN_ABOUT_RETURN_TYPE = YES_ERROR;
				GCC_WARN_UNDECLARED_SELECTOR = YES;
				GCC_WARN_UNINITIALIZED_AUTOS = YES_AGGRESSIVE;
				GCC_WARN_UNUSED_FUNCTION = YES;
				GCC_WARN_UNUSED_VARIABLE = YES;
				IPHONEOS_DEPLOYMENT_TARGET = 14.4;
				MTL_ENABLE_DEBUG_INFO = NO;
				MTL_FAST_MATH = YES;
				SDKROOT = iphoneos;
				SWIFT_COMPILATION_MODE = wholemodule;
				SWIFT_OPTIMIZATION_LEVEL = "-O";
				VALIDATE_PRODUCT = YES;
			};
			name = Release;
		};
		3AB13B08262154ED00CBD672 /* Debug */ = {
			isa = XCBuildConfiguration;
			buildSettings = {
				ASSETCATALOG_COMPILER_APPICON_NAME = AppIcon;
				ASSETCATALOG_COMPILER_GLOBAL_ACCENT_COLOR_NAME = AccentColor;
				CODE_SIGN_STYLE = Automatic;
				DEVELOPMENT_TEAM = 3G43269TJD;
				INFOPLIST_FILE = Discovery/Info.plist;
				LD_RUNPATH_SEARCH_PATHS = (
					"$(inherited)",
					"@executable_path/Frameworks",
				);
				PRODUCT_BUNDLE_IDENTIFIER = pranav.Discovery;
				PRODUCT_NAME = "$(TARGET_NAME)";
				SWIFT_VERSION = 5.0;
				TARGETED_DEVICE_FAMILY = "1,2";
			};
			name = Debug;
		};
		3AB13B09262154ED00CBD672 /* Release */ = {
			isa = XCBuildConfiguration;
			buildSettings = {
				ASSETCATALOG_COMPILER_APPICON_NAME = AppIcon;
				ASSETCATALOG_COMPILER_GLOBAL_ACCENT_COLOR_NAME = AccentColor;
				CODE_SIGN_STYLE = Automatic;
				DEVELOPMENT_TEAM = 3G43269TJD;
				INFOPLIST_FILE = Discovery/Info.plist;
				LD_RUNPATH_SEARCH_PATHS = (
					"$(inherited)",
					"@executable_path/Frameworks",
				);
				PRODUCT_BUNDLE_IDENTIFIER = pranav.Discovery;
				PRODUCT_NAME = "$(TARGET_NAME)";
				SWIFT_VERSION = 5.0;
				TARGETED_DEVICE_FAMILY = "1,2";
			};
			name = Release;
		};
		3AB13B0B262154ED00CBD672 /* Debug */ = {
			isa = XCBuildConfiguration;
			buildSettings = {
				ALWAYS_EMBED_SWIFT_STANDARD_LIBRARIES = YES;
				BUNDLE_LOADER = "$(TEST_HOST)";
				CODE_SIGN_STYLE = Automatic;
				DEVELOPMENT_TEAM = 3G43269TJD;
				INFOPLIST_FILE = DiscoveryTests/Info.plist;
				IPHONEOS_DEPLOYMENT_TARGET = 14.4;
				LD_RUNPATH_SEARCH_PATHS = (
					"$(inherited)",
					"@executable_path/Frameworks",
					"@loader_path/Frameworks",
				);
				PRODUCT_BUNDLE_IDENTIFIER = pranav.DiscoveryTests;
				PRODUCT_NAME = "$(TARGET_NAME)";
				SWIFT_VERSION = 5.0;
				TARGETED_DEVICE_FAMILY = "1,2";
				TEST_HOST = "$(BUILT_PRODUCTS_DIR)/Discovery.app/Discovery";
			};
			name = Debug;
		};
		3AB13B0C262154ED00CBD672 /* Release */ = {
			isa = XCBuildConfiguration;
			buildSettings = {
				ALWAYS_EMBED_SWIFT_STANDARD_LIBRARIES = YES;
				BUNDLE_LOADER = "$(TEST_HOST)";
				CODE_SIGN_STYLE = Automatic;
				DEVELOPMENT_TEAM = 3G43269TJD;
				INFOPLIST_FILE = DiscoveryTests/Info.plist;
				IPHONEOS_DEPLOYMENT_TARGET = 14.4;
				LD_RUNPATH_SEARCH_PATHS = (
					"$(inherited)",
					"@executable_path/Frameworks",
					"@loader_path/Frameworks",
				);
				PRODUCT_BUNDLE_IDENTIFIER = pranav.DiscoveryTests;
				PRODUCT_NAME = "$(TARGET_NAME)";
				SWIFT_VERSION = 5.0;
				TARGETED_DEVICE_FAMILY = "1,2";
				TEST_HOST = "$(BUILT_PRODUCTS_DIR)/Discovery.app/Discovery";
			};
			name = Release;
		};
		3AB13B0E262154ED00CBD672 /* Debug */ = {
			isa = XCBuildConfiguration;
			buildSettings = {
				ALWAYS_EMBED_SWIFT_STANDARD_LIBRARIES = YES;
				CODE_SIGN_STYLE = Automatic;
				DEVELOPMENT_TEAM = 3G43269TJD;
				INFOPLIST_FILE = DiscoveryUITests/Info.plist;
				LD_RUNPATH_SEARCH_PATHS = (
					"$(inherited)",
					"@executable_path/Frameworks",
					"@loader_path/Frameworks",
				);
				PRODUCT_BUNDLE_IDENTIFIER = pranav.DiscoveryUITests;
				PRODUCT_NAME = "$(TARGET_NAME)";
				SWIFT_VERSION = 5.0;
				TARGETED_DEVICE_FAMILY = "1,2";
				TEST_TARGET_NAME = Discovery;
			};
			name = Debug;
		};
		3AB13B0F262154ED00CBD672 /* Release */ = {
			isa = XCBuildConfiguration;
			buildSettings = {
				ALWAYS_EMBED_SWIFT_STANDARD_LIBRARIES = YES;
				CODE_SIGN_STYLE = Automatic;
				DEVELOPMENT_TEAM = 3G43269TJD;
				INFOPLIST_FILE = DiscoveryUITests/Info.plist;
				LD_RUNPATH_SEARCH_PATHS = (
					"$(inherited)",
					"@executable_path/Frameworks",
					"@loader_path/Frameworks",
				);
				PRODUCT_BUNDLE_IDENTIFIER = pranav.DiscoveryUITests;
				PRODUCT_NAME = "$(TARGET_NAME)";
				SWIFT_VERSION = 5.0;
				TARGETED_DEVICE_FAMILY = "1,2";
				TEST_TARGET_NAME = Discovery;
			};
			name = Release;
		};
/* End XCBuildConfiguration section */

/* Begin XCConfigurationList section */
		3AB13AD8262154EB00CBD672 /* Build configuration list for PBXProject "Discovery" */ = {
			isa = XCConfigurationList;
			buildConfigurations = (
				3AB13B05262154ED00CBD672 /* Debug */,
				3AB13B06262154ED00CBD672 /* Release */,
			);
			defaultConfigurationIsVisible = 0;
			defaultConfigurationName = Release;
		};
		3AB13B07262154ED00CBD672 /* Build configuration list for PBXNativeTarget "Discovery" */ = {
			isa = XCConfigurationList;
			buildConfigurations = (
				3AB13B08262154ED00CBD672 /* Debug */,
				3AB13B09262154ED00CBD672 /* Release */,
			);
			defaultConfigurationIsVisible = 0;
			defaultConfigurationName = Release;
		};
		3AB13B0A262154ED00CBD672 /* Build configuration list for PBXNativeTarget "DiscoveryTests" */ = {
			isa = XCConfigurationList;
			buildConfigurations = (
				3AB13B0B262154ED00CBD672 /* Debug */,
				3AB13B0C262154ED00CBD672 /* Release */,
			);
			defaultConfigurationIsVisible = 0;
			defaultConfigurationName = Release;
		};
		3AB13B0D262154ED00CBD672 /* Build configuration list for PBXNativeTarget "DiscoveryUITests" */ = {
			isa = XCConfigurationList;
			buildConfigurations = (
				3AB13B0E262154ED00CBD672 /* Debug */,
				3AB13B0F262154ED00CBD672 /* Release */,
			);
			defaultConfigurationIsVisible = 0;
			defaultConfigurationName = Release;
		};
/* End XCConfigurationList section */
	};
	rootObject = 3AB13AD5262154EB00CBD672 /* Project object */;
}
